
Microsoft Visual Studio Solution File, Format Version 12.00
# Visual Studio Version 16
VisualStudioVersion = 16.0.30104.148
MinimumVisualStudioVersion = 10.0.40219.1
Project("{FAE04EC0-301F-11D3-BF4B-00C04F79EFBC}") = "Examen 1", "Examen 1.csproj", "{D297499E-B75E-439D-A52A-9AEA0A5FB11D}"
EndProject
Global
	GlobalSection(SolutionConfigurationPlatforms) = preSolution
		Debug|Any CPU = Debug|Any CPU
		Release|Any CPU = Release|Any CPU
	EndGlobalSection
	GlobalSection(ProjectConfigurationPlatforms) = postSolution
		{D297499E-B75E-439D-A52A-9AEA0A5FB11D}.Debug|Any CPU.ActiveCfg = Debug|Any CPU
		{D297499E-B75E-439D-A52A-9AEA0A5FB11D}.Debug|Any CPU.Build.0 = Debug|Any CPU
		{D297499E-B75E-439D-A52A-9AEA0A5FB11D}.Release|Any CPU.ActiveCfg = Release|Any CPU
		{D297499E-B75E-439D-A52A-9AEA0A5FB11D}.Release|Any CPU.Build.0 = Release|Any CPU
	EndGlobalSection
	GlobalSection(SolutionProperties) = preSolution
		HideSolutionNode = FALSE
	EndGlobalSection
	GlobalSection(ExtensibilityGlobals) = postSolution
		SolutionGuid = {28E44491-4FB5-46D4-98F4-BBAAFB2E9263}
	EndGlobalSection
EndGlobal
